PODS:
  - Alamofire-Result (3.1.1-karumi):
    - Result (= 1.0.2)
  - Result (1.0.2)

DEPENDENCIES:
  - Alamofire-Result (from `./`)
  - Result (= 1.0.2)

EXTERNAL SOURCES:
  Alamofire-Result:
    :path: "./"

SPEC CHECKSUMS:
  Alamofire-Result: 12d4853c828bd12e24a0d14c4658ff71c5b22c88
  Result: dd3dd71af3fa2e262f1a999e14fba2c25ec14f16

COCOAPODS: 0.39.0
