PODS:
  - Alamofire-Result (3.1.5-karumi):
    - Result (= 1.0.2)
  - Result (1.0.2)

DEPENDENCIES:
  - Alamofire-Result (from `./`)
  - Result (= 1.0.2)

EXTERNAL SOURCES:
  Alamofire-Result:
    :path: "./"

SPEC CHECKSUMS:
  Alamofire-Result: 62884210d3b1b46cf6d09c1ac763bdf4b850a0c9
  Result: dd3dd71af3fa2e262f1a999e14fba2c25ec14f16

COCOAPODS: 0.39.0
